
Microsoft Visual Studio Solution File, Format Version 12.00
# Visual Studio Version 17
VisualStudioVersion = 17.11.35222.181
MinimumVisualStudioVersion = 10.0.40219.1
Project("{2150E333-8FDC-42A3-9474-1A3956D46DE8}") = "Frontend", "Frontend", "{BCA6A26E-D106-4C48-ACE7-0CD93C819047}"
EndProject
Project("{2150E333-8FDC-42A3-9474-1A3956D46DE8}") = "Gateway", "Gateway", "{98191D52-4B2E-4A5E-939A-988BE338F7E5}"
EndProject
Project("{2150E333-8FDC-42A3-9474-1A3956D46DE8}") = "Integration", "Integration", "{5D4DFE18-C0A6-4CD5-8310-181A030CF42E}"
EndProject
Project("{2150E333-8FDC-42A3-9474-1A3956D46DE8}") = "Services", "Services", "{17BCFC1B-E86B-434F-94EA-BADF15556A50}"
EndProject
Project("{9A19103F-16F7-4668-BE54-9A1E7A4F7556}") = "Mango.Services.AuthAPI", "Mango.Services.AuthAPI\Mango.Services.AuthAPI.csproj", "{D1CCDF22-4E26-45D0-960B-3BE30F6468CC}"
EndProject
Project("{9A19103F-16F7-4668-BE54-9A1E7A4F7556}") = "Mango.Services.ProductAPI", "Mango.Services.ProductAPI\Mango.Services.ProductAPI.csproj", "{25535EC2-483B-4BB9-B0E0-53531644EC8E}"
EndProject
Project("{9A19103F-16F7-4668-BE54-9A1E7A4F7556}") = "Mango.Services.ShoppingCartAPI", "Mango.Services.ShoppingCartAPI\Mango.Services.ShoppingCartAPI.csproj", "{8B9F813C-D1CE-44D2-B81C-2E6BD39C933D}"
EndProject
Project("{9A19103F-16F7-4668-BE54-9A1E7A4F7556}") = "Mango.MessageBus", "Mango.MessageBus\Mango.MessageBus.csproj", "{70CEFCEB-0EDC-4DA8-ABDC-2BA39E260C12}"
EndProject
Project("{9A19103F-16F7-4668-BE54-9A1E7A4F7556}") = "Mango.Services.EmailAPI", "Mango.Services.EmailAPI\Mango.Services.EmailAPI.csproj", "{65DB09F7-40A6-41F6-B74A-868C52DCC07B}"
EndProject
Project("{9A19103F-16F7-4668-BE54-9A1E7A4F7556}") = "Mango.Services.OrderAPI", "Mango.Services.OrderAPI\Mango.Services.OrderAPI.csproj", "{A2982117-1B17-4697-AF55-BFD827A6481A}"
EndProject
Project("{9A19103F-16F7-4668-BE54-9A1E7A4F7556}") = "Mango.Services.RewardsAPI", "Mango.Services.RewardsAPI\Mango.Services.RewardsAPI.csproj", "{166E7A26-3270-45DA-B5BD-916D19BA17D7}"
EndProject
Project("{9A19103F-16F7-4668-BE54-9A1E7A4F7556}") = "Mango.Web", "Mango.Web\Mango.Web.csproj", "{ED16A990-BCE8-4180-BA7A-1D8C14FFC707}"
EndProject
Project("{9A19103F-16F7-4668-BE54-9A1E7A4F7556}") = "Mango.Services.CouponAPI", "Mango.Services.CouponAPI\Mango.Services.CouponAPI.csproj", "{F8AC7FD5-1ADA-4462-ADEA-3D49614620F0}"
EndProject
Project("{FAE04EC0-301F-11D3-BF4B-00C04F79EFBC}") = "Mango.GatewaySolution", "Mango.GatewaySolution\Mango.GatewaySolution.csproj", "{14840BC6-DBEF-475D-9863-BE54207582A9}"
EndProject
Global
	GlobalSection(SolutionConfigurationPlatforms) = preSolution
		Debug|Any CPU = Debug|Any CPU
		Release|Any CPU = Release|Any CPU
	EndGlobalSection
	GlobalSection(ProjectConfigurationPlatforms) = postSolution
		{D1CCDF22-4E26-45D0-960B-3BE30F6468CC}.Debug|Any CPU.ActiveCfg = Debug|Any CPU
		{D1CCDF22-4E26-45D0-960B-3BE30F6468CC}.Debug|Any CPU.Build.0 = Debug|Any CPU
		{D1CCDF22-4E26-45D0-960B-3BE30F6468CC}.Release|Any CPU.ActiveCfg = Release|Any CPU
		{D1CCDF22-4E26-45D0-960B-3BE30F6468CC}.Release|Any CPU.Build.0 = Release|Any CPU
		{25535EC2-483B-4BB9-B0E0-53531644EC8E}.Debug|Any CPU.ActiveCfg = Debug|Any CPU
		{25535EC2-483B-4BB9-B0E0-53531644EC8E}.Debug|Any CPU.Build.0 = Debug|Any CPU
		{25535EC2-483B-4BB9-B0E0-53531644EC8E}.Release|Any CPU.ActiveCfg = Release|Any CPU
		{25535EC2-483B-4BB9-B0E0-53531644EC8E}.Release|Any CPU.Build.0 = Release|Any CPU
		{8B9F813C-D1CE-44D2-B81C-2E6BD39C933D}.Debug|Any CPU.ActiveCfg = Debug|Any CPU
		{8B9F813C-D1CE-44D2-B81C-2E6BD39C933D}.Debug|Any CPU.Build.0 = Debug|Any CPU
		{8B9F813C-D1CE-44D2-B81C-2E6BD39C933D}.Release|Any CPU.ActiveCfg = Release|Any CPU
		{8B9F813C-D1CE-44D2-B81C-2E6BD39C933D}.Release|Any CPU.Build.0 = Release|Any CPU
		{70CEFCEB-0EDC-4DA8-ABDC-2BA39E260C12}.Debug|Any CPU.ActiveCfg = Debug|Any CPU
		{70CEFCEB-0EDC-4DA8-ABDC-2BA39E260C12}.Debug|Any CPU.Build.0 = Debug|Any CPU
		{70CEFCEB-0EDC-4DA8-ABDC-2BA39E260C12}.Release|Any CPU.ActiveCfg = Release|Any CPU
		{70CEFCEB-0EDC-4DA8-ABDC-2BA39E260C12}.Release|Any CPU.Build.0 = Release|Any CPU
		{65DB09F7-40A6-41F6-B74A-868C52DCC07B}.Debug|Any CPU.ActiveCfg = Debug|Any CPU
		{65DB09F7-40A6-41F6-B74A-868C52DCC07B}.Debug|Any CPU.Build.0 = Debug|Any CPU
		{65DB09F7-40A6-41F6-B74A-868C52DCC07B}.Release|Any CPU.ActiveCfg = Release|Any CPU
		{65DB09F7-40A6-41F6-B74A-868C52DCC07B}.Release|Any CPU.Build.0 = Release|Any CPU
		{A2982117-1B17-4697-AF55-BFD827A6481A}.Debug|Any CPU.ActiveCfg = Debug|Any CPU
		{A2982117-1B17-4697-AF55-BFD827A6481A}.Debug|Any CPU.Build.0 = Debug|Any CPU
		{A2982117-1B17-4697-AF55-BFD827A6481A}.Release|Any CPU.ActiveCfg = Release|Any CPU
		{A2982117-1B17-4697-AF55-BFD827A6481A}.Release|Any CPU.Build.0 = Release|Any CPU
		{166E7A26-3270-45DA-B5BD-916D19BA17D7}.Debug|Any CPU.ActiveCfg = Debug|Any CPU
		{166E7A26-3270-45DA-B5BD-916D19BA17D7}.Debug|Any CPU.Build.0 = Debug|Any CPU
		{166E7A26-3270-45DA-B5BD-916D19BA17D7}.Release|Any CPU.ActiveCfg = Release|Any CPU
		{166E7A26-3270-45DA-B5BD-916D19BA17D7}.Release|Any CPU.Build.0 = Release|Any CPU
		{ED16A990-BCE8-4180-BA7A-1D8C14FFC707}.Debug|Any CPU.ActiveCfg = Debug|Any CPU
		{ED16A990-BCE8-4180-BA7A-1D8C14FFC707}.Debug|Any CPU.Build.0 = Debug|Any CPU
		{ED16A990-BCE8-4180-BA7A-1D8C14FFC707}.Release|Any CPU.ActiveCfg = Release|Any CPU
		{ED16A990-BCE8-4180-BA7A-1D8C14FFC707}.Release|Any CPU.Build.0 = Release|Any CPU
		{F8AC7FD5-1ADA-4462-ADEA-3D49614620F0}.Debug|Any CPU.ActiveCfg = Debug|Any CPU
		{F8AC7FD5-1ADA-4462-ADEA-3D49614620F0}.Debug|Any CPU.Build.0 = Debug|Any CPU
		{F8AC7FD5-1ADA-4462-ADEA-3D49614620F0}.Release|Any CPU.ActiveCfg = Release|Any CPU
		{F8AC7FD5-1ADA-4462-ADEA-3D49614620F0}.Release|Any CPU.Build.0 = Release|Any CPU
		{14840BC6-DBEF-475D-9863-BE54207582A9}.Debug|Any CPU.ActiveCfg = Debug|Any CPU
		{14840BC6-DBEF-475D-9863-BE54207582A9}.Debug|Any CPU.Build.0 = Debug|Any CPU
		{14840BC6-DBEF-475D-9863-BE54207582A9}.Release|Any CPU.ActiveCfg = Release|Any CPU
		{14840BC6-DBEF-475D-9863-BE54207582A9}.Release|Any CPU.Build.0 = Release|Any CPU
	EndGlobalSection
	GlobalSection(SolutionProperties) = preSolution
		HideSolutionNode = FALSE
	EndGlobalSection
	GlobalSection(NestedProjects) = preSolution
		{D1CCDF22-4E26-45D0-960B-3BE30F6468CC} = {17BCFC1B-E86B-434F-94EA-BADF15556A50}
		{25535EC2-483B-4BB9-B0E0-53531644EC8E} = {17BCFC1B-E86B-434F-94EA-BADF15556A50}
		{8B9F813C-D1CE-44D2-B81C-2E6BD39C933D} = {17BCFC1B-E86B-434F-94EA-BADF15556A50}
		{70CEFCEB-0EDC-4DA8-ABDC-2BA39E260C12} = {5D4DFE18-C0A6-4CD5-8310-181A030CF42E}
		{65DB09F7-40A6-41F6-B74A-868C52DCC07B} = {17BCFC1B-E86B-434F-94EA-BADF15556A50}
		{A2982117-1B17-4697-AF55-BFD827A6481A} = {17BCFC1B-E86B-434F-94EA-BADF15556A50}
		{166E7A26-3270-45DA-B5BD-916D19BA17D7} = {17BCFC1B-E86B-434F-94EA-BADF15556A50}
		{ED16A990-BCE8-4180-BA7A-1D8C14FFC707} = {BCA6A26E-D106-4C48-ACE7-0CD93C819047}
		{F8AC7FD5-1ADA-4462-ADEA-3D49614620F0} = {17BCFC1B-E86B-434F-94EA-BADF15556A50}
		{14840BC6-DBEF-475D-9863-BE54207582A9} = {98191D52-4B2E-4A5E-939A-988BE338F7E5}
	EndGlobalSection
	GlobalSection(ExtensibilityGlobals) = postSolution
		SolutionGuid = {F5F5CB18-99FE-4F67-B289-01230CCC02F0}
	EndGlobalSection
EndGlobal
